// !$*UTF8*$!
{
	archiveVersion = 1;
	classes = {
	};
	objectVersion = 56;
	objects = {

/* Begin PBXBuildFile section */
		73F7BC1D40F7FFF4432E38D6 /* Pods_M15.framework in Frameworks */ = {isa = PBXBuildFile; fileRef = B90F434F331487EDD2290C61 /* Pods_M15.framework */; };
		845CF5B52BD0468F008455F3 /* AppDelegate.swift in Sources */ = {isa = PBXBuildFile; fileRef = 845CF5B42BD0468F008455F3 /* AppDelegate.swift */; };
		845CF5B72BD0468F008455F3 /* SceneDelegate.swift in Sources */ = {isa = PBXBuildFile; fileRef = 845CF5B62BD0468F008455F3 /* SceneDelegate.swift */; };
		845CF5B92BD0468F008455F3 /* ViewController.swift in Sources */ = {isa = PBXBuildFile; fileRef = 845CF5B82BD0468F008455F3 /* ViewController.swift */; };
		845CF5BC2BD0468F008455F3 /* Main.storyboard in Resources */ = {isa = PBXBuildFile; fileRef = 845CF5BA2BD0468F008455F3 /* Main.storyboard */; };
		845CF5BE2BD04692008455F3 /* Assets.xcassets in Resources */ = {isa = PBXBuildFile; fileRef = 845CF5BD2BD04692008455F3 /* Assets.xcassets */; };
		845CF5C12BD04692008455F3 /* LaunchScreen.storyboard in Resources */ = {isa = PBXBuildFile; fileRef = 845CF5BF2BD04692008455F3 /* LaunchScreen.storyboard */; };
		84FA4B1C2BDA9D1C00A9FF0C /* MyViewController.swift in Sources */ = {isa = PBXBuildFile; fileRef = 84FA4B1B2BDA9D1C00A9FF0C /* MyViewController.swift */; };
/* End PBXBuildFile section */

/* Begin PBXFileReference section */
		2AA5C668542647C1F0F5F173 /* Pods-M15.release.xcconfig */ = {isa = PBXFileReference; includeInIndex = 1; lastKnownFileType = text.xcconfig; name = "Pods-M15.release.xcconfig"; path = "Target Support Files/Pods-M15/Pods-M15.release.xcconfig"; sourceTree = "<group>"; };
		845CF5B12BD0468F008455F3 /* M15.app */ = {isa = PBXFileReference; explicitFileType = wrapper.application; includeInIndex = 0; path = M15.app; sourceTree = BUILT_PRODUCTS_DIR; };
		845CF5B42BD0468F008455F3 /* AppDelegate.swift */ = {isa = PBXFileReference; lastKnownFileType = sourcecode.swift; path = AppDelegate.swift; sourceTree = "<group>"; };
		845CF5B62BD0468F008455F3 /* SceneDelegate.swift */ = {isa = PBXFileReference; lastKnownFileType = sourcecode.swift; path = SceneDelegate.swift; sourceTree = "<group>"; };
		845CF5B82BD0468F008455F3 /* ViewController.swift */ = {isa = PBXFileReference; lastKnownFileType = sourcecode.swift; path = ViewController.swift; sourceTree = "<group>"; };
		845CF5BB2BD0468F008455F3 /* Base */ = {isa = PBXFileReference; lastKnownFileType = file.storyboard; name = Base; path = Base.lproj/Main.storyboard; sourceTree = "<group>"; };
		845CF5BD2BD04692008455F3 /* Assets.xcassets */ = {isa = PBXFileReference; lastKnownFileType = folder.assetcatalog; path = Assets.xcassets; sourceTree = "<group>"; };
		845CF5C02BD04692008455F3 /* Base */ = {isa = PBXFileReference; lastKnownFileType = file.storyboard; name = Base; path = Base.lproj/LaunchScreen.storyboard; sourceTree = "<group>"; };
		845CF5C22BD04692008455F3 /* Info.plist */ = {isa = PBXFileReference; lastKnownFileType = text.plist.xml; path = Info.plist; sourceTree = "<group>"; };
		84FA4B1B2BDA9D1C00A9FF0C /* MyViewController.swift */ = {isa = PBXFileReference; lastKnownFileType = sourcecode.swift; path = MyViewController.swift; sourceTree = "<group>"; };
		B90F434F331487EDD2290C61 /* Pods_M15.framework */ = {isa = PBXFileReference; explicitFileType = wrapper.framework; includeInIndex = 0; path = Pods_M15.framework; sourceTree = BUILT_PRODUCTS_DIR; };
		BDA1371A7421A895FED24F3B /* Pods-M15.debug.xcconfig */ = {isa = PBXFileReference; includeInIndex = 1; lastKnownFileType = text.xcconfig; name = "Pods-M15.debug.xcconfig"; path = "Target Support Files/Pods-M15/Pods-M15.debug.xcconfig"; sourceTree = "<group>"; };
/* End PBXFileReference section */

/* Begin PBXFrameworksBuildPhase section */
		845CF5AE2BD0468F008455F3 /* Frameworks */ = {
			isa = PBXFrameworksBuildPhase;
			buildActionMask = 2147483647;
			files = (
				73F7BC1D40F7FFF4432E38D6 /* Pods_M15.framework in Frameworks */,
			);
			runOnlyForDeploymentPostprocessing = 0;
		};
/* End PBXFrameworksBuildPhase section */

/* Begin PBXGroup section */
		845CF5A82BD0468F008455F3 = {
			isa = PBXGroup;
			children = (
				845CF5B32BD0468F008455F3 /* M15 */,
				845CF5B22BD0468F008455F3 /* Products */,
				C1AA2DA017A7AFD4C12C691D /* Pods */,
				CBD7C0A00F4040B41C484DF0 /* Frameworks */,
			);
			sourceTree = "<group>";
		};
		845CF5B22BD0468F008455F3 /* Products */ = {
			isa = PBXGroup;
			children = (
				845CF5B12BD0468F008455F3 /* M15.app */,
			);
			name = Products;
			sourceTree = "<group>";
		};
		845CF5B32BD0468F008455F3 /* M15 */ = {
			isa = PBXGroup;
			children = (
				845CF5B42BD0468F008455F3 /* AppDelegate.swift */,
				845CF5B62BD0468F008455F3 /* SceneDelegate.swift */,
				845CF5B82BD0468F008455F3 /* ViewController.swift */,
				84FA4B1B2BDA9D1C00A9FF0C /* MyViewController.swift */,
				845CF5BA2BD0468F008455F3 /* Main.storyboard */,
				845CF5BD2BD04692008455F3 /* Assets.xcassets */,
				845CF5BF2BD04692008455F3 /* LaunchScreen.storyboard */,
				845CF5C22BD04692008455F3 /* Info.plist */,
			);
			path = M15;
			sourceTree = "<group>";
		};
		C1AA2DA017A7AFD4C12C691D /* Pods */ = {
			isa = PBXGroup;
			children = (
				BDA1371A7421A895FED24F3B /* Pods-M15.debug.xcconfig */,
				2AA5C668542647C1F0F5F173 /* Pods-M15.release.xcconfig */,
			);
			path = Pods;
			sourceTree = "<group>";
		};
		CBD7C0A00F4040B41C484DF0 /* Frameworks */ = {
			isa = PBXGroup;
			children = (
				B90F434F331487EDD2290C61 /* Pods_M15.framework */,
			);
			name = Frameworks;
			sourceTree = "<group>";
		};
/* End PBXGroup section */

/* Begin PBXNativeTarget section */
		845CF5B02BD0468F008455F3 /* M15 */ = {
			isa = PBXNativeTarget;
			buildConfigurationList = 845CF5C52BD04692008455F3 /* Build configuration list for PBXNativeTarget "M15" */;
			buildPhases = (
				02E212754B100312B9AAB957 /* [CP] Check Pods Manifest.lock */,
				845CF5AD2BD0468F008455F3 /* Sources */,
				845CF5AE2BD0468F008455F3 /* Frameworks */,
				845CF5AF2BD0468F008455F3 /* Resources */,
				C36646C812012252470155CB /* [CP] Embed Pods Frameworks */,
			);
			buildRules = (
			);
			dependencies = (
			);
			name = M15;
			productName = M15;
			productReference = 845CF5B12BD0468F008455F3 /* M15.app */;
			productType = "com.apple.product-type.application";
		};
/* End PBXNativeTarget section */

/* Begin PBXProject section */
		845CF5A92BD0468F008455F3 /* Project object */ = {
			isa = PBXProject;
			attributes = {
				BuildIndependentTargetsInParallel = 1;
				LastSwiftUpdateCheck = 1420;
				LastUpgradeCheck = 1420;
				TargetAttributes = {
					845CF5B02BD0468F008455F3 = {
						CreatedOnToolsVersion = 14.2;
					};
				};
			};
			buildConfigurationList = 845CF5AC2BD0468F008455F3 /* Build configuration list for PBXProject "M15" */;
			compatibilityVersion = "Xcode 14.0";
			developmentRegion = en;
			hasScannedForEncodings = 0;
			knownRegions = (
				en,
				Base,
			);
			mainGroup = 845CF5A82BD0468F008455F3;
			productRefGroup = 845CF5B22BD0468F008455F3 /* Products */;
			projectDirPath = "";
			projectRoot = "";
			targets = (
				845CF5B02BD0468F008455F3 /* M15 */,
			);
		};
/* End PBXProject section */

/* Begin PBXResourcesBuildPhase section */
		845CF5AF2BD0468F008455F3 /* Resources */ = {
			isa = PBXResourcesBuildPhase;
			buildActionMask = 2147483647;
			files = (
				845CF5C12BD04692008455F3 /* LaunchScreen.storyboard in Resources */,
				845CF5BE2BD04692008455F3 /* Assets.xcassets in Resources */,
				845CF5BC2BD0468F008455F3 /* Main.storyboard in Resources */,
			);
			runOnlyForDeploymentPostprocessing = 0;
		};
/* End PBXResourcesBuildPhase section */

/* Begin PBXShellScriptBuildPhase section */
		02E212754B100312B9AAB957 /* [CP] Check Pods Manifest.lock */ = {
			isa = PBXShellScriptBuildPhase;
			buildActionMask = 2147483647;
			files = (
			);
			inputFileListPaths = (
			);
			inputPaths = (
				"${PODS_PODFILE_DIR_PATH}/Podfile.lock",
				"${PODS_ROOT}/Manifest.lock",
			);
			name = "[CP] Check Pods Manifest.lock";
			outputFileListPaths = (
			);
			outputPaths = (
				"$(DERIVED_FILE_DIR)/Pods-M15-checkManifestLockResult.txt",
			);
			runOnlyForDeploymentPostprocessing = 0;
			shellPath = /bin/sh;
			shellScript = "diff \"${PODS_PODFILE_DIR_PATH}/Podfile.lock\" \"${PODS_ROOT}/Manifest.lock\" > /dev/null\nif [ $? != 0 ] ; then\n    # print error to STDERR\n    echo \"error: The sandbox is not in sync with the Podfile.lock. Run 'pod install' or update your CocoaPods installation.\" >&2\n    exit 1\nfi\n# This output is used by Xcode 'outputs' to avoid re-running this script phase.\necho \"SUCCESS\" > \"${SCRIPT_OUTPUT_FILE_0}\"\n";
			showEnvVarsInLog = 0;
		};
		C36646C812012252470155CB /* [CP] Embed Pods Frameworks */ = {
			isa = PBXShellScriptBuildPhase;
			buildActionMask = 2147483647;
			files = (
			);
			inputFileListPaths = (
				"${PODS_ROOT}/Target Support Files/Pods-M15/Pods-M15-frameworks-${CONFIGURATION}-input-files.xcfilelist",
			);
			name = "[CP] Embed Pods Frameworks";
			outputFileListPaths = (
				"${PODS_ROOT}/Target Support Files/Pods-M15/Pods-M15-frameworks-${CONFIGURATION}-output-files.xcfilelist",
			);
			runOnlyForDeploymentPostprocessing = 0;
			shellPath = /bin/sh;
			shellScript = "\"${PODS_ROOT}/Target Support Files/Pods-M15/Pods-M15-frameworks.sh\"\n";
			showEnvVarsInLog = 0;
		};
/* End PBXShellScriptBuildPhase section */

/* Begin PBXSourcesBuildPhase section */
		845CF5AD2BD0468F008455F3 /* Sources */ = {
			isa = PBXSourcesBuildPhase;
			buildActionMask = 2147483647;
			files = (
				845CF5B92BD0468F008455F3 /* ViewController.swift in Sources */,
				845CF5B52BD0468F008455F3 /* AppDelegate.swift in Sources */,
				84FA4B1C2BDA9D1C00A9FF0C /* MyViewController.swift in Sources */,
				845CF5B72BD0468F008455F3 /* SceneDelegate.swift in Sources */,
			);
			runOnlyForDeploymentPostprocessing = 0;
		};
/* End PBXSourcesBuildPhase section */

/* Begin PBXVariantGroup section */
		845CF5BA2BD0468F008455F3 /* Main.storyboard */ = {
			isa = PBXVariantGroup;
			children = (
				845CF5BB2BD0468F008455F3 /* Base */,
			);
			name = Main.storyboard;
			sourceTree = "<group>";
		};
		845CF5BF2BD04692008455F3 /* LaunchScreen.storyboard */ = {
			isa = PBXVariantGroup;
			children = (
				845CF5C02BD04692008455F3 /* Base */,
			);
			name = LaunchScreen.storyboard;
			sourceTree = "<group>";
		};
/* End PBXVariantGroup section */

/* Begin XCBuildConfiguration section */
		845CF5C32BD04692008455F3 /* Debug */ = {
			isa = XCBuildConfiguration;
			buildSettings = {
				ALWAYS_SEARCH_USER_PATHS = NO;
				CLANG_ANALYZER_NONNULL = YES;
				CLANG_ANALYZER_NUMBER_OBJECT_CONVERSION = YES_AGGRESSIVE;
				CLANG_CXX_LANGUAGE_STANDARD = "gnu++20";
				CLANG_ENABLE_MODULES = YES;
				CLANG_ENABLE_OBJC_ARC = YES;
				CLANG_ENABLE_OBJC_WEAK = YES;
				CLANG_WARN_BLOCK_CAPTURE_AUTORELEASING = YES;
				CLANG_WARN_BOOL_CONVERSION = YES;
				CLANG_WARN_COMMA = YES;
				CLANG_WARN_CONSTANT_CONVERSION = YES;
				CLANG_WARN_DEPRECATED_OBJC_IMPLEMENTATIONS = YES;
				CLANG_WARN_DIRECT_OBJC_ISA_USAGE = YES_ERROR;
				CLANG_WARN_DOCUMENTATION_COMMENTS = YES;
				CLANG_WARN_EMPTY_BODY = YES;
				CLANG_WARN_ENUM_CONVERSION = YES;
				CLANG_WARN_INFINITE_RECURSION = YES;
				CLANG_WARN_INT_CONVERSION = YES;
				CLANG_WARN_NON_LITERAL_NULL_CONVERSION = YES;
				CLANG_WARN_OBJC_IMPLICIT_RETAIN_SELF = YES;
				CLANG_WARN_OBJC_LITERAL_CONVERSION = YES;
				CLANG_WARN_OBJC_ROOT_CLASS = YES_ERROR;
				CLANG_WARN_QUOTED_INCLUDE_IN_FRAMEWORK_HEADER = YES;
				CLANG_WARN_RANGE_LOOP_ANALYSIS = YES;
				CLANG_WARN_STRICT_PROTOTYPES = YES;
				CLANG_WARN_SUSPICIOUS_MOVE = YES;
				CLANG_WARN_UNGUARDED_AVAILABILITY = YES_AGGRESSIVE;
				CLANG_WARN_UNREACHABLE_CODE = YES;
				CLANG_WARN__DUPLICATE_METHOD_MATCH = YES;
				COPY_PHASE_STRIP = NO;
				DEBUG_INFORMATION_FORMAT = dwarf;
				ENABLE_STRICT_OBJC_MSGSEND = YES;
				ENABLE_TESTABILITY = YES;
				GCC_C_LANGUAGE_STANDARD = gnu11;
				GCC_DYNAMIC_NO_PIC = NO;
				GCC_NO_COMMON_BLOCKS = YES;
				GCC_OPTIMIZATION_LEVEL = 0;
				GCC_PREPROCESSOR_DEFINITIONS = (
					"DEBUG=1",
					"$(inherited)",
				);
				GCC_WARN_64_TO_32_BIT_CONVERSION = YES;
				GCC_WARN_ABOUT_RETURN_TYPE = YES_ERROR;
				GCC_WARN_UNDECLARED_SELECTOR = YES;
				GCC_WARN_UNINITIALIZED_AUTOS = YES_AGGRESSIVE;
				GCC_WARN_UNUSED_FUNCTION = YES;
				GCC_WARN_UNUSED_VARIABLE = YES;
				IPHONEOS_DEPLOYMENT_TARGET = 16.2;
				MTL_ENABLE_DEBUG_INFO = INCLUDE_SOURCE;
				MTL_FAST_MATH = YES;
				ONLY_ACTIVE_ARCH = YES;
				SDKROOT = iphoneos;
				SWIFT_ACTIVE_COMPILATION_CONDITIONS = DEBUG;
				SWIFT_OPTIMIZATION_LEVEL = "-Onone";
			};
			name = Debug;
		};
		845CF5C42BD04692008455F3 /* Release */ = {
			isa = XCBuildConfiguration;
			buildSettings = {
				ALWAYS_SEARCH_USER_PATHS = NO;
				CLANG_ANALYZER_NONNULL = YES;
				CLANG_ANALYZER_NUMBER_OBJECT_CONVERSION = YES_AGGRESSIVE;
				CLANG_CXX_LANGUAGE_STANDARD = "gnu++20";
				CLANG_ENABLE_MODULES = YES;
				CLANG_ENABLE_OBJC_ARC = YES;
				CLANG_ENABLE_OBJC_WEAK = YES;
				CLANG_WARN_BLOCK_CAPTURE_AUTORELEASING = YES;
				CLANG_WARN_BOOL_CONVERSION = YES;
				CLANG_WARN_COMMA = YES;
				CLANG_WARN_CONSTANT_CONVERSION = YES;
				CLANG_WARN_DEPRECATED_OBJC_IMPLEMENTATIONS = YES;
				CLANG_WARN_DIRECT_OBJC_ISA_USAGE = YES_ERROR;
				CLANG_WARN_DOCUMENTATION_COMMENTS = YES;
				CLANG_WARN_EMPTY_BODY = YES;
				CLANG_WARN_ENUM_CONVERSION = YES;
				CLANG_WARN_INFINITE_RECURSION = YES;
				CLANG_WARN_INT_CONVERSION = YES;
				CLANG_WARN_NON_LITERAL_NULL_CONVERSION = YES;
				CLANG_WARN_OBJC_IMPLICIT_RETAIN_SELF = YES;
				CLANG_WARN_OBJC_LITERAL_CONVERSION = YES;
				CLANG_WARN_OBJC_ROOT_CLASS = YES_ERROR;
				CLANG_WARN_QUOTED_INCLUDE_IN_FRAMEWORK_HEADER = YES;
				CLANG_WARN_RANGE_LOOP_ANALYSIS = YES;
				CLANG_WARN_STRICT_PROTOTYPES = YES;
				CLANG_WARN_SUSPICIOUS_MOVE = YES;
				CLANG_WARN_UNGUARDED_AVAILABILITY = YES_AGGRESSIVE;
				CLANG_WARN_UNREACHABLE_CODE = YES;
				CLANG_WARN__DUPLICATE_METHOD_MATCH = YES;
				COPY_PHASE_STRIP = NO;
				DEBUG_INFORMATION_FORMAT = "dwarf-with-dsym";
				ENABLE_NS_ASSERTIONS = NO;
				ENABLE_STRICT_OBJC_MSGSEND = YES;
				GCC_C_LANGUAGE_STANDARD = gnu11;
				GCC_NO_COMMON_BLOCKS = YES;
				GCC_WARN_64_TO_32_BIT_CONVERSION = YES;
				GCC_WARN_ABOUT_RETURN_TYPE = YES_ERROR;
				GCC_WARN_UNDECLARED_SELECTOR = YES;
				GCC_WARN_UNINITIALIZED_AUTOS = YES_AGGRESSIVE;
				GCC_WARN_UNUSED_FUNCTION = YES;
				GCC_WARN_UNUSED_VARIABLE = YES;
				IPHONEOS_DEPLOYMENT_TARGET = 16.2;
				MTL_ENABLE_DEBUG_INFO = NO;
				MTL_FAST_MATH = YES;
				SDKROOT = iphoneos;
				SWIFT_COMPILATION_MODE = wholemodule;
				SWIFT_OPTIMIZATION_LEVEL = "-O";
				VALIDATE_PRODUCT = YES;
			};
			name = Release;
		};
		845CF5C62BD04692008455F3 /* Debug */ = {
			isa = XCBuildConfiguration;
			baseConfigurationReference = BDA1371A7421A895FED24F3B /* Pods-M15.debug.xcconfig */;
			buildSettings = {
				ASSETCATALOG_COMPILER_APPICON_NAME = AppIcon;
				ASSETCATALOG_COMPILER_GLOBAL_ACCENT_COLOR_NAME = AccentColor;
				CODE_SIGN_STYLE = Automatic;
				CURRENT_PROJECT_VERSION = 1;
				GENERATE_INFOPLIST_FILE = YES;
				INFOPLIST_FILE = M15/Info.plist;
				INFOPLIST_KEY_UIApplicationSupportsIndirectInputEvents = YES;
				INFOPLIST_KEY_UILaunchStoryboardName = LaunchScreen;
				INFOPLIST_KEY_UIMainStoryboardFile = Main;
				INFOPLIST_KEY_UISupportedInterfaceOrientations_iPad = "UIInterfaceOrientationPortrait UIInterfaceOrientationPortraitUpsideDown UIInterfaceOrientationLandscapeLeft UIInterfaceOrientationLandscapeRight";
				INFOPLIST_KEY_UISupportedInterfaceOrientations_iPhone = "UIInterfaceOrientationPortrait UIInterfaceOrientationLandscapeLeft UIInterfaceOrientationLandscapeRight";
				LD_RUNPATH_SEARCH_PATHS = (
					"$(inherited)",
					"@executable_path/Frameworks",
				);
				MARKETING_VERSION = 1.0;
				PRODUCT_BUNDLE_IDENTIFIER = shodon.M15;
				PRODUCT_NAME = "$(TARGET_NAME)";
				SUPPORTED_PLATFORMS = "iphoneos iphonesimulator";
				SUPPORTS_MACCATALYST = NO;
				SUPPORTS_MAC_DESIGNED_FOR_IPHONE_IPAD = NO;
				SWIFT_EMIT_LOC_STRINGS = YES;
				SWIFT_VERSION = 5.0;
				TARGETED_DEVICE_FAMILY = 1;
			};
			name = Debug;
		};
		845CF5C72BD04692008455F3 /* Release */ = {
			isa = XCBuildConfiguration;
			baseConfigurationReference = 2AA5C668542647C1F0F5F173 /* Pods-M15.release.xcconfig */;
			buildSettings = {
				ASSETCATALOG_COMPILER_APPICON_NAME = AppIcon;
				ASSETCATALOG_COMPILER_GLOBAL_ACCENT_COLOR_NAME = AccentColor;
				CODE_SIGN_STYLE = Automatic;
				CURRENT_PROJECT_VERSION = 1;
				GENERATE_INFOPLIST_FILE = YES;
				INFOPLIST_FILE = M15/Info.plist;
				INFOPLIST_KEY_UIApplicationSupportsIndirectInputEvents = YES;
				INFOPLIST_KEY_UILaunchStoryboardName = LaunchScreen;
				INFOPLIST_KEY_UIMainStoryboardFile = Main;
				INFOPLIST_KEY_UISupportedInterfaceOrientations_iPad = "UIInterfaceOrientationPortrait UIInterfaceOrientationPortraitUpsideDown UIInterfaceOrientationLandscapeLeft UIInterfaceOrientationLandscapeRight";
				INFOPLIST_KEY_UISupportedInterfaceOrientations_iPhone = "UIInterfaceOrientationPortrait UIInterfaceOrientationLandscapeLeft UIInterfaceOrientationLandscapeRight";
				LD_RUNPATH_SEARCH_PATHS = (
					"$(inherited)",
					"@executable_path/Frameworks",
				);
				MARKETING_VERSION = 1.0;
				PRODUCT_BUNDLE_IDENTIFIER = shodon.M15;
				PRODUCT_NAME = "$(TARGET_NAME)";
				SUPPORTED_PLATFORMS = "iphoneos iphonesimulator";
				SUPPORTS_MACCATALYST = NO;
				SUPPORTS_MAC_DESIGNED_FOR_IPHONE_IPAD = NO;
				SWIFT_EMIT_LOC_STRINGS = YES;
				SWIFT_VERSION = 5.0;
				TARGETED_DEVICE_FAMILY = 1;
			};
			name = Release;
		};
/* End XCBuildConfiguration section */

/* Begin XCConfigurationList section */
		845CF5AC2BD0468F008455F3 /* Build configuration list for PBXProject "M15" */ = {
			isa = XCConfigurationList;
			buildConfigurations = (
				845CF5C32BD04692008455F3 /* Debug */,
				845CF5C42BD04692008455F3 /* Release */,
			);
			defaultConfigurationIsVisible = 0;
			defaultConfigurationName = Release;
		};
		845CF5C52BD04692008455F3 /* Build configuration list for PBXNativeTarget "M15" */ = {
			isa = XCConfigurationList;
			buildConfigurations = (
				845CF5C62BD04692008455F3 /* Debug */,
				845CF5C72BD04692008455F3 /* Release */,
			);
			defaultConfigurationIsVisible = 0;
			defaultConfigurationName = Release;
		};
/* End XCConfigurationList section */
	};
	rootObject = 845CF5A92BD0468F008455F3 /* Project object */;
}
